// !$*UTF8*$!
{
	archiveVersion = 1;
	classes = {
	};
	objectVersion = 46;
	objects = {

/* Begin PBXBuildFile section */
		4E3FBD1B1CDBF936007F1F7B /* KeyboardViewController.swift in Sources */ = {isa = PBXBuildFile; fileRef = 4E3FBD1A1CDBF936007F1F7B /* KeyboardViewController.swift */; };
		4E3FBD1F1CDBF936007F1F7B /* DongerBoard.appex in Embed App Extensions */ = {isa = PBXBuildFile; fileRef = 4E3FBD181CDBF936007F1F7B /* DongerBoard.appex */; settings = {ATTRIBUTES = (RemoveHeadersOnCopy, ); }; };
		4EDA050B1CE283AD00BCE88E /* delete.png in Resources */ = {isa = PBXBuildFile; fileRef = 4EDA050A1CE283AD00BCE88E /* delete.png */; };
		4EDA050F1CE28ABE00BCE88E /* fontawesome-webfont.ttf in Resources */ = {isa = PBXBuildFile; fileRef = 4EDA050E1CE28ABE00BCE88E /* fontawesome-webfont.ttf */; };
		4EF3F52F1CDBEB70006C6E2B /* AppDelegate.swift in Sources */ = {isa = PBXBuildFile; fileRef = 4EF3F52E1CDBEB70006C6E2B /* AppDelegate.swift */; };
		4EF3F5311CDBEB70006C6E2B /* ViewController.swift in Sources */ = {isa = PBXBuildFile; fileRef = 4EF3F5301CDBEB70006C6E2B /* ViewController.swift */; };
		4EF3F5341CDBEB70006C6E2B /* Main.storyboard in Resources */ = {isa = PBXBuildFile; fileRef = 4EF3F5321CDBEB70006C6E2B /* Main.storyboard */; };
		4EF3F5361CDBEB70006C6E2B /* Assets.xcassets in Resources */ = {isa = PBXBuildFile; fileRef = 4EF3F5351CDBEB70006C6E2B /* Assets.xcassets */; };
		4EF3F5391CDBEB70006C6E2B /* LaunchScreen.storyboard in Resources */ = {isa = PBXBuildFile; fileRef = 4EF3F5371CDBEB70006C6E2B /* LaunchScreen.storyboard */; };
		4EF3F5441CDBEB70006C6E2B /* DongerTests.swift in Sources */ = {isa = PBXBuildFile; fileRef = 4EF3F5431CDBEB70006C6E2B /* DongerTests.swift */; };
		4EF3F54F1CDBEB70006C6E2B /* DongerUITests.swift in Sources */ = {isa = PBXBuildFile; fileRef = 4EF3F54E1CDBEB70006C6E2B /* DongerUITests.swift */; };
		4EFD83FB1CE23E6000258C0E /* Keyboard.storyboard in Resources */ = {isa = PBXBuildFile; fileRef = 4EFD83FA1CE23E6000258C0E /* Keyboard.storyboard */; };
		9CAFD72A1CE8FAAB00F39869 /* Donger.swift in Sources */ = {isa = PBXBuildFile; fileRef = 9CAFD7291CE8FAAB00F39869 /* Donger.swift */; };
		9CAFD72E1CE905DF00F39869 /* data in Resources */ = {isa = PBXBuildFile; fileRef = 9CAFD72D1CE905DF00F39869 /* data */; };
/* End PBXBuildFile section */

/* Begin PBXContainerItemProxy section */
		4E3FBD1D1CDBF936007F1F7B /* PBXContainerItemProxy */ = {
			isa = PBXContainerItemProxy;
			containerPortal = 4EF3F5231CDBEB70006C6E2B /* Project object */;
			proxyType = 1;
			remoteGlobalIDString = 4E3FBD171CDBF936007F1F7B;
			remoteInfo = DongerBoard;
		};
		4EF3F5401CDBEB70006C6E2B /* PBXContainerItemProxy */ = {
			isa = PBXContainerItemProxy;
			containerPortal = 4EF3F5231CDBEB70006C6E2B /* Project object */;
			proxyType = 1;
			remoteGlobalIDString = 4EF3F52A1CDBEB70006C6E2B;
			remoteInfo = Donger;
		};
		4EF3F54B1CDBEB70006C6E2B /* PBXContainerItemProxy */ = {
			isa = PBXContainerItemProxy;
			containerPortal = 4EF3F5231CDBEB70006C6E2B /* Project object */;
			proxyType = 1;
			remoteGlobalIDString = 4EF3F52A1CDBEB70006C6E2B;
			remoteInfo = Donger;
		};
/* End PBXContainerItemProxy section */

/* Begin PBXCopyFilesBuildPhase section */
		4E3FBD231CDBF936007F1F7B /* Embed App Extensions */ = {
			isa = PBXCopyFilesBuildPhase;
			buildActionMask = 2147483647;
			dstPath = "";
			dstSubfolderSpec = 13;
			files = (
				4E3FBD1F1CDBF936007F1F7B /* DongerBoard.appex in Embed App Extensions */,
			);
			name = "Embed App Extensions";
			runOnlyForDeploymentPostprocessing = 0;
		};
/* End PBXCopyFilesBuildPhase section */

/* Begin PBXFileReference section */
		4E3FBD181CDBF936007F1F7B /* DongerBoard.appex */ = {isa = PBXFileReference; explicitFileType = "wrapper.app-extension"; includeInIndex = 0; path = DongerBoard.appex; sourceTree = BUILT_PRODUCTS_DIR; };
		4E3FBD1A1CDBF936007F1F7B /* KeyboardViewController.swift */ = {isa = PBXFileReference; lastKnownFileType = sourcecode.swift; path = KeyboardViewController.swift; sourceTree = "<group>"; };
		4E3FBD1C1CDBF936007F1F7B /* Info.plist */ = {isa = PBXFileReference; lastKnownFileType = text.plist.xml; path = Info.plist; sourceTree = "<group>"; };
		4EDA050A1CE283AD00BCE88E /* delete.png */ = {isa = PBXFileReference; lastKnownFileType = image.png; path = delete.png; sourceTree = "<group>"; };
		4EDA050E1CE28ABE00BCE88E /* fontawesome-webfont.ttf */ = {isa = PBXFileReference; lastKnownFileType = file; path = "fontawesome-webfont.ttf"; sourceTree = "<group>"; };
		4EF3F52B1CDBEB70006C6E2B /* Donger.app */ = {isa = PBXFileReference; explicitFileType = wrapper.application; includeInIndex = 0; path = Donger.app; sourceTree = BUILT_PRODUCTS_DIR; };
		4EF3F52E1CDBEB70006C6E2B /* AppDelegate.swift */ = {isa = PBXFileReference; lastKnownFileType = sourcecode.swift; path = AppDelegate.swift; sourceTree = "<group>"; };
		4EF3F5301CDBEB70006C6E2B /* ViewController.swift */ = {isa = PBXFileReference; lastKnownFileType = sourcecode.swift; path = ViewController.swift; sourceTree = "<group>"; };
		4EF3F5331CDBEB70006C6E2B /* Base */ = {isa = PBXFileReference; lastKnownFileType = file.storyboard; name = Base; path = Base.lproj/Main.storyboard; sourceTree = "<group>"; };
		4EF3F5351CDBEB70006C6E2B /* Assets.xcassets */ = {isa = PBXFileReference; lastKnownFileType = folder.assetcatalog; path = Assets.xcassets; sourceTree = "<group>"; };
		4EF3F5381CDBEB70006C6E2B /* Base */ = {isa = PBXFileReference; lastKnownFileType = file.storyboard; name = Base; path = Base.lproj/LaunchScreen.storyboard; sourceTree = "<group>"; };
		4EF3F53A1CDBEB70006C6E2B /* Info.plist */ = {isa = PBXFileReference; lastKnownFileType = text.plist.xml; path = Info.plist; sourceTree = "<group>"; };
		4EF3F53F1CDBEB70006C6E2B /* DongerTests.xctest */ = {isa = PBXFileReference; explicitFileType = wrapper.cfbundle; includeInIndex = 0; path = DongerTests.xctest; sourceTree = BUILT_PRODUCTS_DIR; };
		4EF3F5431CDBEB70006C6E2B /* DongerTests.swift */ = {isa = PBXFileReference; lastKnownFileType = sourcecode.swift; path = DongerTests.swift; sourceTree = "<group>"; };
		4EF3F5451CDBEB70006C6E2B /* Info.plist */ = {isa = PBXFileReference; lastKnownFileType = text.plist.xml; path = Info.plist; sourceTree = "<group>"; };
		4EF3F54A1CDBEB70006C6E2B /* DongerUITests.xctest */ = {isa = PBXFileReference; explicitFileType = wrapper.cfbundle; includeInIndex = 0; path = DongerUITests.xctest; sourceTree = BUILT_PRODUCTS_DIR; };
		4EF3F54E1CDBEB70006C6E2B /* DongerUITests.swift */ = {isa = PBXFileReference; lastKnownFileType = sourcecode.swift; path = DongerUITests.swift; sourceTree = "<group>"; };
		4EF3F5501CDBEB70006C6E2B /* Info.plist */ = {isa = PBXFileReference; lastKnownFileType = text.plist.xml; path = Info.plist; sourceTree = "<group>"; };
		4EFD83FA1CE23E6000258C0E /* Keyboard.storyboard */ = {isa = PBXFileReference; fileEncoding = 4; lastKnownFileType = file.storyboard; path = Keyboard.storyboard; sourceTree = "<group>"; };
		9CAFD7291CE8FAAB00F39869 /* Donger.swift */ = {isa = PBXFileReference; fileEncoding = 4; lastKnownFileType = sourcecode.swift; path = Donger.swift; sourceTree = "<group>"; };
		9CAFD72D1CE905DF00F39869 /* data */ = {isa = PBXFileReference; lastKnownFileType = folder; path = data; sourceTree = "<group>"; };
/* End PBXFileReference section */

/* Begin PBXFrameworksBuildPhase section */
		4E3FBD151CDBF936007F1F7B /* Frameworks */ = {
			isa = PBXFrameworksBuildPhase;
			buildActionMask = 2147483647;
			files = (
			);
			runOnlyForDeploymentPostprocessing = 0;
		};
		4EF3F5281CDBEB70006C6E2B /* Frameworks */ = {
			isa = PBXFrameworksBuildPhase;
			buildActionMask = 2147483647;
			files = (
			);
			runOnlyForDeploymentPostprocessing = 0;
		};
		4EF3F53C1CDBEB70006C6E2B /* Frameworks */ = {
			isa = PBXFrameworksBuildPhase;
			buildActionMask = 2147483647;
			files = (
			);
			runOnlyForDeploymentPostprocessing = 0;
		};
		4EF3F5471CDBEB70006C6E2B /* Frameworks */ = {
			isa = PBXFrameworksBuildPhase;
			buildActionMask = 2147483647;
			files = (
			);
			runOnlyForDeploymentPostprocessing = 0;
		};
/* End PBXFrameworksBuildPhase section */

/* Begin PBXGroup section */
		4E3FBD191CDBF936007F1F7B /* DongerBoard */ = {
			isa = PBXGroup;
			children = (
				4E3FBD1A1CDBF936007F1F7B /* KeyboardViewController.swift */,
				4E3FBD1C1CDBF936007F1F7B /* Info.plist */,
				4EFD83FA1CE23E6000258C0E /* Keyboard.storyboard */,
				4EDA050A1CE283AD00BCE88E /* delete.png */,
				9CAFD7291CE8FAAB00F39869 /* Donger.swift */,
			);
			path = DongerBoard;
			sourceTree = "<group>";
		};
		4EDA050D1CE28AAC00BCE88E /* Resources */ = {
			isa = PBXGroup;
			children = (
				9CAFD72D1CE905DF00F39869 /* data */,
				4EDA050E1CE28ABE00BCE88E /* fontawesome-webfont.ttf */,
			);
			name = Resources;
			sourceTree = "<group>";
		};
		4EF3F5221CDBEB70006C6E2B = {
			isa = PBXGroup;
			children = (
				4EDA050D1CE28AAC00BCE88E /* Resources */,
				4EF3F52D1CDBEB70006C6E2B /* Donger */,
				4EF3F5421CDBEB70006C6E2B /* DongerTests */,
				4EF3F54D1CDBEB70006C6E2B /* DongerUITests */,
				4E3FBD191CDBF936007F1F7B /* DongerBoard */,
				4EF3F52C1CDBEB70006C6E2B /* Products */,
			);
			sourceTree = "<group>";
		};
		4EF3F52C1CDBEB70006C6E2B /* Products */ = {
			isa = PBXGroup;
			children = (
				4EF3F52B1CDBEB70006C6E2B /* Donger.app */,
				4EF3F53F1CDBEB70006C6E2B /* DongerTests.xctest */,
				4EF3F54A1CDBEB70006C6E2B /* DongerUITests.xctest */,
				4E3FBD181CDBF936007F1F7B /* DongerBoard.appex */,
			);
			name = Products;
			sourceTree = "<group>";
		};
		4EF3F52D1CDBEB70006C6E2B /* Donger */ = {
			isa = PBXGroup;
			children = (
				4EF3F52E1CDBEB70006C6E2B /* AppDelegate.swift */,
				4EF3F5301CDBEB70006C6E2B /* ViewController.swift */,
				4EF3F5321CDBEB70006C6E2B /* Main.storyboard */,
				4EF3F5351CDBEB70006C6E2B /* Assets.xcassets */,
				4EF3F5371CDBEB70006C6E2B /* LaunchScreen.storyboard */,
				4EF3F53A1CDBEB70006C6E2B /* Info.plist */,
			);
			path = Donger;
			sourceTree = "<group>";
		};
		4EF3F5421CDBEB70006C6E2B /* DongerTests */ = {
			isa = PBXGroup;
			children = (
				4EF3F5431CDBEB70006C6E2B /* DongerTests.swift */,
				4EF3F5451CDBEB70006C6E2B /* Info.plist */,
			);
			path = DongerTests;
			sourceTree = "<group>";
		};
		4EF3F54D1CDBEB70006C6E2B /* DongerUITests */ = {
			isa = PBXGroup;
			children = (
				4EF3F54E1CDBEB70006C6E2B /* DongerUITests.swift */,
				4EF3F5501CDBEB70006C6E2B /* Info.plist */,
			);
			path = DongerUITests;
			sourceTree = "<group>";
		};
/* End PBXGroup section */

/* Begin PBXNativeTarget section */
		4E3FBD171CDBF936007F1F7B /* DongerBoard */ = {
			isa = PBXNativeTarget;
			buildConfigurationList = 4E3FBD221CDBF936007F1F7B /* Build configuration list for PBXNativeTarget "DongerBoard" */;
			buildPhases = (
				4E3FBD141CDBF936007F1F7B /* Sources */,
				4E3FBD151CDBF936007F1F7B /* Frameworks */,
				4E3FBD161CDBF936007F1F7B /* Resources */,
			);
			buildRules = (
			);
			dependencies = (
			);
			name = DongerBoard;
			productName = DongerBoard;
			productReference = 4E3FBD181CDBF936007F1F7B /* DongerBoard.appex */;
			productType = "com.apple.product-type.app-extension";
		};
		4EF3F52A1CDBEB70006C6E2B /* Donger */ = {
			isa = PBXNativeTarget;
			buildConfigurationList = 4EF3F5531CDBEB70006C6E2B /* Build configuration list for PBXNativeTarget "Donger" */;
			buildPhases = (
				4EF3F5271CDBEB70006C6E2B /* Sources */,
				4EF3F5281CDBEB70006C6E2B /* Frameworks */,
				4EF3F5291CDBEB70006C6E2B /* Resources */,
				4E3FBD231CDBF936007F1F7B /* Embed App Extensions */,
			);
			buildRules = (
			);
			dependencies = (
				4E3FBD1E1CDBF936007F1F7B /* PBXTargetDependency */,
			);
			name = Donger;
			productName = Donger;
			productReference = 4EF3F52B1CDBEB70006C6E2B /* Donger.app */;
			productType = "com.apple.product-type.application";
		};
		4EF3F53E1CDBEB70006C6E2B /* DongerTests */ = {
			isa = PBXNativeTarget;
			buildConfigurationList = 4EF3F5561CDBEB70006C6E2B /* Build configuration list for PBXNativeTarget "DongerTests" */;
			buildPhases = (
				4EF3F53B1CDBEB70006C6E2B /* Sources */,
				4EF3F53C1CDBEB70006C6E2B /* Frameworks */,
				4EF3F53D1CDBEB70006C6E2B /* Resources */,
			);
			buildRules = (
			);
			dependencies = (
				4EF3F5411CDBEB70006C6E2B /* PBXTargetDependency */,
			);
			name = DongerTests;
			productName = DongerTests;
			productReference = 4EF3F53F1CDBEB70006C6E2B /* DongerTests.xctest */;
			productType = "com.apple.product-type.bundle.unit-test";
		};
		4EF3F5491CDBEB70006C6E2B /* DongerUITests */ = {
			isa = PBXNativeTarget;
			buildConfigurationList = 4EF3F5591CDBEB70006C6E2B /* Build configuration list for PBXNativeTarget "DongerUITests" */;
			buildPhases = (
				4EF3F5461CDBEB70006C6E2B /* Sources */,
				4EF3F5471CDBEB70006C6E2B /* Frameworks */,
				4EF3F5481CDBEB70006C6E2B /* Resources */,
			);
			buildRules = (
			);
			dependencies = (
				4EF3F54C1CDBEB70006C6E2B /* PBXTargetDependency */,
			);
			name = DongerUITests;
			productName = DongerUITests;
			productReference = 4EF3F54A1CDBEB70006C6E2B /* DongerUITests.xctest */;
			productType = "com.apple.product-type.bundle.ui-testing";
		};
/* End PBXNativeTarget section */

/* Begin PBXProject section */
		4EF3F5231CDBEB70006C6E2B /* Project object */ = {
			isa = PBXProject;
			attributes = {
				LastSwiftUpdateCheck = 0730;
				LastUpgradeCheck = 0730;
				ORGANIZATIONNAME = "Kirby Kohlmorgen";
				TargetAttributes = {
					4E3FBD171CDBF936007F1F7B = {
						CreatedOnToolsVersion = 7.3;
						DevelopmentTeam = TJLU67SB23;
					};
					4EF3F52A1CDBEB70006C6E2B = {
						CreatedOnToolsVersion = 7.3;
						DevelopmentTeam = TJLU67SB23;
					};
					4EF3F53E1CDBEB70006C6E2B = {
						CreatedOnToolsVersion = 7.3;
						TestTargetID = 4EF3F52A1CDBEB70006C6E2B;
					};
					4EF3F5491CDBEB70006C6E2B = {
						CreatedOnToolsVersion = 7.3;
						TestTargetID = 4EF3F52A1CDBEB70006C6E2B;
					};
				};
			};
			buildConfigurationList = 4EF3F5261CDBEB70006C6E2B /* Build configuration list for PBXProject "Donger" */;
			compatibilityVersion = "Xcode 3.2";
			developmentRegion = English;
			hasScannedForEncodings = 0;
			knownRegions = (
				en,
				Base,
			);
			mainGroup = 4EF3F5221CDBEB70006C6E2B;
			productRefGroup = 4EF3F52C1CDBEB70006C6E2B /* Products */;
			projectDirPath = "";
			projectRoot = "";
			targets = (
				4EF3F52A1CDBEB70006C6E2B /* Donger */,
				4EF3F53E1CDBEB70006C6E2B /* DongerTests */,
				4EF3F5491CDBEB70006C6E2B /* DongerUITests */,
				4E3FBD171CDBF936007F1F7B /* DongerBoard */,
			);
		};
/* End PBXProject section */

/* Begin PBXResourcesBuildPhase section */
		4E3FBD161CDBF936007F1F7B /* Resources */ = {
			isa = PBXResourcesBuildPhase;
			buildActionMask = 2147483647;
			files = (
				4EDA050F1CE28ABE00BCE88E /* fontawesome-webfont.ttf in Resources */,
				4EDA050B1CE283AD00BCE88E /* delete.png in Resources */,
				4EFD83FB1CE23E6000258C0E /* Keyboard.storyboard in Resources */,
			);
			runOnlyForDeploymentPostprocessing = 0;
		};
		4EF3F5291CDBEB70006C6E2B /* Resources */ = {
			isa = PBXResourcesBuildPhase;
			buildActionMask = 2147483647;
			files = (
				4EF3F5391CDBEB70006C6E2B /* LaunchScreen.storyboard in Resources */,
				4EF3F5361CDBEB70006C6E2B /* Assets.xcassets in Resources */,
				4EF3F5341CDBEB70006C6E2B /* Main.storyboard in Resources */,
				9CAFD72E1CE905DF00F39869 /* data in Resources */,
			);
			runOnlyForDeploymentPostprocessing = 0;
		};
		4EF3F53D1CDBEB70006C6E2B /* Resources */ = {
			isa = PBXResourcesBuildPhase;
			buildActionMask = 2147483647;
			files = (
			);
			runOnlyForDeploymentPostprocessing = 0;
		};
		4EF3F5481CDBEB70006C6E2B /* Resources */ = {
			isa = PBXResourcesBuildPhase;
			buildActionMask = 2147483647;
			files = (
			);
			runOnlyForDeploymentPostprocessing = 0;
		};
/* End PBXResourcesBuildPhase section */

/* Begin PBXSourcesBuildPhase section */
		4E3FBD141CDBF936007F1F7B /* Sources */ = {
			isa = PBXSourcesBuildPhase;
			buildActionMask = 2147483647;
			files = (
				9CAFD72A1CE8FAAB00F39869 /* Donger.swift in Sources */,
				4E3FBD1B1CDBF936007F1F7B /* KeyboardViewController.swift in Sources */,
			);
			runOnlyForDeploymentPostprocessing = 0;
		};
		4EF3F5271CDBEB70006C6E2B /* Sources */ = {
			isa = PBXSourcesBuildPhase;
			buildActionMask = 2147483647;
			files = (
				4EF3F5311CDBEB70006C6E2B /* ViewController.swift in Sources */,
				4EF3F52F1CDBEB70006C6E2B /* AppDelegate.swift in Sources */,
			);
			runOnlyForDeploymentPostprocessing = 0;
		};
		4EF3F53B1CDBEB70006C6E2B /* Sources */ = {
			isa = PBXSourcesBuildPhase;
			buildActionMask = 2147483647;
			files = (
				4EF3F5441CDBEB70006C6E2B /* DongerTests.swift in Sources */,
			);
			runOnlyForDeploymentPostprocessing = 0;
		};
		4EF3F5461CDBEB70006C6E2B /* Sources */ = {
			isa = PBXSourcesBuildPhase;
			buildActionMask = 2147483647;
			files = (
				4EF3F54F1CDBEB70006C6E2B /* DongerUITests.swift in Sources */,
			);
			runOnlyForDeploymentPostprocessing = 0;
		};
/* End PBXSourcesBuildPhase section */

/* Begin PBXTargetDependency section */
		4E3FBD1E1CDBF936007F1F7B /* PBXTargetDependency */ = {
			isa = PBXTargetDependency;
			target = 4E3FBD171CDBF936007F1F7B /* DongerBoard */;
			targetProxy = 4E3FBD1D1CDBF936007F1F7B /* PBXContainerItemProxy */;
		};
		4EF3F5411CDBEB70006C6E2B /* PBXTargetDependency */ = {
			isa = PBXTargetDependency;
			target = 4EF3F52A1CDBEB70006C6E2B /* Donger */;
			targetProxy = 4EF3F5401CDBEB70006C6E2B /* PBXContainerItemProxy */;
		};
		4EF3F54C1CDBEB70006C6E2B /* PBXTargetDependency */ = {
			isa = PBXTargetDependency;
			target = 4EF3F52A1CDBEB70006C6E2B /* Donger */;
			targetProxy = 4EF3F54B1CDBEB70006C6E2B /* PBXContainerItemProxy */;
		};
/* End PBXTargetDependency section */

/* Begin PBXVariantGroup section */
		4EF3F5321CDBEB70006C6E2B /* Main.storyboard */ = {
			isa = PBXVariantGroup;
			children = (
				4EF3F5331CDBEB70006C6E2B /* Base */,
			);
			name = Main.storyboard;
			sourceTree = "<group>";
		};
		4EF3F5371CDBEB70006C6E2B /* LaunchScreen.storyboard */ = {
			isa = PBXVariantGroup;
			children = (
				4EF3F5381CDBEB70006C6E2B /* Base */,
			);
			name = LaunchScreen.storyboard;
			sourceTree = "<group>";
		};
/* End PBXVariantGroup section */

/* Begin XCBuildConfiguration section */
		4E3FBD201CDBF936007F1F7B /* Debug */ = {
			isa = XCBuildConfiguration;
			buildSettings = {
				CODE_SIGN_IDENTITY = "iPhone Developer";
				"CODE_SIGN_IDENTITY[sdk=iphoneos*]" = "iPhone Developer";
				INFOPLIST_FILE = DongerBoard/Info.plist;
				LD_RUNPATH_SEARCH_PATHS = "$(inherited) @executable_path/Frameworks @executable_path/../../Frameworks";
				PRODUCT_BUNDLE_IDENTIFIER = KK.Donger.DongerBoard;
				PRODUCT_NAME = "$(TARGET_NAME)";
				PROVISIONING_PROFILE = "";
				SKIP_INSTALL = YES;
			};
			name = Debug;
		};
		4E3FBD211CDBF936007F1F7B /* Release */ = {
			isa = XCBuildConfiguration;
			buildSettings = {
				CODE_SIGN_IDENTITY = "iPhone Developer";
				"CODE_SIGN_IDENTITY[sdk=iphoneos*]" = "iPhone Developer";
				INFOPLIST_FILE = DongerBoard/Info.plist;
				LD_RUNPATH_SEARCH_PATHS = "$(inherited) @executable_path/Frameworks @executable_path/../../Frameworks";
				PRODUCT_BUNDLE_IDENTIFIER = KK.Donger.DongerBoard;
				PRODUCT_NAME = "$(TARGET_NAME)";
				PROVISIONING_PROFILE = "";
				SKIP_INSTALL = YES;
			};
			name = Release;
		};
		4EF3F5511CDBEB70006C6E2B /* Debug */ = {
			isa = XCBuildConfiguration;
			buildSettings = {
				ALWAYS_SEARCH_USER_PATHS = NO;
				CLANG_ANALYZER_NONNULL = YES;
				CLANG_CXX_LANGUAGE_STANDARD = "gnu++0x";
				CLANG_CXX_LIBRARY = "libc++";
				CLANG_ENABLE_MODULES = YES;
				CLANG_ENABLE_OBJC_ARC = YES;
				CLANG_WARN_BOOL_CONVERSION = YES;
				CLANG_WARN_CONSTANT_CONVERSION = YES;
				CLANG_WARN_DIRECT_OBJC_ISA_USAGE = YES_ERROR;
				CLANG_WARN_EMPTY_BODY = YES;
				CLANG_WARN_ENUM_CONVERSION = YES;
				CLANG_WARN_INT_CONVERSION = YES;
				CLANG_WARN_OBJC_ROOT_CLASS = YES_ERROR;
				CLANG_WARN_UNREACHABLE_CODE = YES;
				CLANG_WARN__DUPLICATE_METHOD_MATCH = YES;
				"CODE_SIGN_IDENTITY[sdk=iphoneos*]" = "iPhone Developer";
				COPY_PHASE_STRIP = NO;
				DEBUG_INFORMATION_FORMAT = dwarf;
				ENABLE_STRICT_OBJC_MSGSEND = YES;
				ENABLE_TESTABILITY = YES;
				GCC_C_LANGUAGE_STANDARD = gnu99;
				GCC_DYNAMIC_NO_PIC = NO;
				GCC_NO_COMMON_BLOCKS = YES;
				GCC_OPTIMIZATION_LEVEL = 0;
				GCC_PREPROCESSOR_DEFINITIONS = (
					"DEBUG=1",
					"$(inherited)",
				);
				GCC_WARN_64_TO_32_BIT_CONVERSION = YES;
				GCC_WARN_ABOUT_RETURN_TYPE = YES_ERROR;
				GCC_WARN_UNDECLARED_SELECTOR = YES;
				GCC_WARN_UNINITIALIZED_AUTOS = YES_AGGRESSIVE;
				GCC_WARN_UNUSED_FUNCTION = YES;
				GCC_WARN_UNUSED_VARIABLE = YES;
				IPHONEOS_DEPLOYMENT_TARGET = 9.3;
				MTL_ENABLE_DEBUG_INFO = YES;
				ONLY_ACTIVE_ARCH = YES;
				SDKROOT = iphoneos;
				SWIFT_OPTIMIZATION_LEVEL = "-Onone";
				TARGETED_DEVICE_FAMILY = "1,2";
			};
			name = Debug;
		};
		4EF3F5521CDBEB70006C6E2B /* Release */ = {
			isa = XCBuildConfiguration;
			buildSettings = {
				ALWAYS_SEARCH_USER_PATHS = NO;
				CLANG_ANALYZER_NONNULL = YES;
				CLANG_CXX_LANGUAGE_STANDARD = "gnu++0x";
				CLANG_CXX_LIBRARY = "libc++";
				CLANG_ENABLE_MODULES = YES;
				CLANG_ENABLE_OBJC_ARC = YES;
				CLANG_WARN_BOOL_CONVERSION = YES;
				CLANG_WARN_CONSTANT_CONVERSION = YES;
				CLANG_WARN_DIRECT_OBJC_ISA_USAGE = YES_ERROR;
				CLANG_WARN_EMPTY_BODY = YES;
				CLANG_WARN_ENUM_CONVERSION = YES;
				CLANG_WARN_INT_CONVERSION = YES;
				CLANG_WARN_OBJC_ROOT_CLASS = YES_ERROR;
				CLANG_WARN_UNREACHABLE_CODE = YES;
				CLANG_WARN__DUPLICATE_METHOD_MATCH = YES;
				"CODE_SIGN_IDENTITY[sdk=iphoneos*]" = "iPhone Developer";
				COPY_PHASE_STRIP = NO;
				DEBUG_INFORMATION_FORMAT = "dwarf-with-dsym";
				ENABLE_NS_ASSERTIONS = NO;
				ENABLE_STRICT_OBJC_MSGSEND = YES;
				GCC_C_LANGUAGE_STANDARD = gnu99;
				GCC_NO_COMMON_BLOCKS = YES;
				GCC_WARN_64_TO_32_BIT_CONVERSION = YES;
				GCC_WARN_ABOUT_RETURN_TYPE = YES_ERROR;
				GCC_WARN_UNDECLARED_SELECTOR = YES;
				GCC_WARN_UNINITIALIZED_AUTOS = YES_AGGRESSIVE;
				GCC_WARN_UNUSED_FUNCTION = YES;
				GCC_WARN_UNUSED_VARIABLE = YES;
				IPHONEOS_DEPLOYMENT_TARGET = 9.3;
				MTL_ENABLE_DEBUG_INFO = NO;
				SDKROOT = iphoneos;
				TARGETED_DEVICE_FAMILY = "1,2";
				VALIDATE_PRODUCT = YES;
			};
			name = Release;
		};
		4EF3F5541CDBEB70006C6E2B /* Debug */ = {
			isa = XCBuildConfiguration;
			buildSettings = {
				ASSETCATALOG_COMPILER_APPICON_NAME = AppIcon;
				CODE_SIGN_IDENTITY = "iPhone Developer";
				"CODE_SIGN_IDENTITY[sdk=iphoneos*]" = "iPhone Developer";
				EMBEDDED_CONTENT_CONTAINS_SWIFT = YES;
				INFOPLIST_FILE = Donger/Info.plist;
				LD_RUNPATH_SEARCH_PATHS = "$(inherited) @executable_path/Frameworks";
				PRODUCT_BUNDLE_IDENTIFIER = KK.Donger;
				PRODUCT_NAME = "$(TARGET_NAME)";
				PROVISIONING_PROFILE = "";
			};
			name = Debug;
		};
		4EF3F5551CDBEB70006C6E2B /* Release */ = {
			isa = XCBuildConfiguration;
			buildSettings = {
				ASSETCATALOG_COMPILER_APPICON_NAME = AppIcon;
				CODE_SIGN_IDENTITY = "iPhone Developer";
				"CODE_SIGN_IDENTITY[sdk=iphoneos*]" = "iPhone Developer";
				EMBEDDED_CONTENT_CONTAINS_SWIFT = YES;
				INFOPLIST_FILE = Donger/Info.plist;
				LD_RUNPATH_SEARCH_PATHS = "$(inherited) @executable_path/Frameworks";
				PRODUCT_BUNDLE_IDENTIFIER = KK.Donger;
				PRODUCT_NAME = "$(TARGET_NAME)";
				PROVISIONING_PROFILE = "";
			};
			name = Release;
		};
		4EF3F5571CDBEB70006C6E2B /* Debug */ = {
			isa = XCBuildConfiguration;
			buildSettings = {
				BUNDLE_LOADER = "$(TEST_HOST)";
				INFOPLIST_FILE = DongerTests/Info.plist;
				LD_RUNPATH_SEARCH_PATHS = "$(inherited) @executable_path/Frameworks @loader_path/Frameworks";
				PRODUCT_BUNDLE_IDENTIFIER = KK.DongerTests;
				PRODUCT_NAME = "$(TARGET_NAME)";
				TEST_HOST = "$(BUILT_PRODUCTS_DIR)/Donger.app/Donger";
			};
			name = Debug;
		};
		4EF3F5581CDBEB70006C6E2B /* Release */ = {
			isa = XCBuildConfiguration;
			buildSettings = {
				BUNDLE_LOADER = "$(TEST_HOST)";
				INFOPLIST_FILE = DongerTests/Info.plist;
				LD_RUNPATH_SEARCH_PATHS = "$(inherited) @executable_path/Frameworks @loader_path/Frameworks";
				PRODUCT_BUNDLE_IDENTIFIER = KK.DongerTests;
				PRODUCT_NAME = "$(TARGET_NAME)";
				TEST_HOST = "$(BUILT_PRODUCTS_DIR)/Donger.app/Donger";
			};
			name = Release;
		};
		4EF3F55A1CDBEB70006C6E2B /* Debug */ = {
			isa = XCBuildConfiguration;
			buildSettings = {
				INFOPLIST_FILE = DongerUITests/Info.plist;
				LD_RUNPATH_SEARCH_PATHS = "$(inherited) @executable_path/Frameworks @loader_path/Frameworks";
				PRODUCT_BUNDLE_IDENTIFIER = KK.DongerUITests;
				PRODUCT_NAME = "$(TARGET_NAME)";
				TEST_TARGET_NAME = Donger;
			};
			name = Debug;
		};
		4EF3F55B1CDBEB70006C6E2B /* Release */ = {
			isa = XCBuildConfiguration;
			buildSettings = {
				INFOPLIST_FILE = DongerUITests/Info.plist;
				LD_RUNPATH_SEARCH_PATHS = "$(inherited) @executable_path/Frameworks @loader_path/Frameworks";
				PRODUCT_BUNDLE_IDENTIFIER = KK.DongerUITests;
				PRODUCT_NAME = "$(TARGET_NAME)";
				TEST_TARGET_NAME = Donger;
			};
			name = Release;
		};
/* End XCBuildConfiguration section */

/* Begin XCConfigurationList section */
		4E3FBD221CDBF936007F1F7B /* Build configuration list for PBXNativeTarget "DongerBoard" */ = {
			isa = XCConfigurationList;
			buildConfigurations = (
				4E3FBD201CDBF936007F1F7B /* Debug */,
				4E3FBD211CDBF936007F1F7B /* Release */,
			);
			defaultConfigurationIsVisible = 0;
			defaultConfigurationName = Release;
		};
		4EF3F5261CDBEB70006C6E2B /* Build configuration list for PBXProject "Donger" */ = {
			isa = XCConfigurationList;
			buildConfigurations = (
				4EF3F5511CDBEB70006C6E2B /* Debug */,
				4EF3F5521CDBEB70006C6E2B /* Release */,
			);
			defaultConfigurationIsVisible = 0;
			defaultConfigurationName = Release;
		};
		4EF3F5531CDBEB70006C6E2B /* Build configuration list for PBXNativeTarget "Donger" */ = {
			isa = XCConfigurationList;
			buildConfigurations = (
				4EF3F5541CDBEB70006C6E2B /* Debug */,
				4EF3F5551CDBEB70006C6E2B /* Release */,
			);
			defaultConfigurationIsVisible = 0;
			defaultConfigurationName = Release;
		};
		4EF3F5561CDBEB70006C6E2B /* Build configuration list for PBXNativeTarget "DongerTests" */ = {
			isa = XCConfigurationList;
			buildConfigurations = (
				4EF3F5571CDBEB70006C6E2B /* Debug */,
				4EF3F5581CDBEB70006C6E2B /* Release */,
			);
			defaultConfigurationIsVisible = 0;
			defaultConfigurationName = Release;
		};
		4EF3F5591CDBEB70006C6E2B /* Build configuration list for PBXNativeTarget "DongerUITests" */ = {
			isa = XCConfigurationList;
			buildConfigurations = (
				4EF3F55A1CDBEB70006C6E2B /* Debug */,
				4EF3F55B1CDBEB70006C6E2B /* Release */,
			);
			defaultConfigurationIsVisible = 0;
			defaultConfigurationName = Release;
		};
/* End XCConfigurationList section */
	};
	rootObject = 4EF3F5231CDBEB70006C6E2B /* Project object */;
}
